
Microsoft Visual Studio Solution File, Format Version 12.00
# Visual Studio Version 17
VisualStudioVersion = 17.3.32611.2
MinimumVisualStudioVersion = 10.0.40219.1
Project("{FAE04EC0-301F-11D3-BF4B-00C04F79EFBC}") = "BaseApi", "BaseApi\BaseApi.csproj", "{8648A91A-659D-4FF2-A6E1-708A58028581}"
EndProject
Global
	GlobalSection(SolutionConfigurationPlatforms) = preSolution
		Debug|Any CPU = Debug|Any CPU
		Release|Any CPU = Release|Any CPU
	EndGlobalSection
	GlobalSection(ProjectConfigurationPlatforms) = postSolution
		{8648A91A-659D-4FF2-A6E1-708A58028581}.Debug|Any CPU.ActiveCfg = Debug|Any CPU
		{8648A91A-659D-4FF2-A6E1-708A58028581}.Debug|Any CPU.Build.0 = Debug|Any CPU
		{8648A91A-659D-4FF2-A6E1-708A58028581}.Release|Any CPU.ActiveCfg = Release|Any CPU
		{8648A91A-659D-4FF2-A6E1-708A58028581}.Release|Any CPU.Build.0 = Release|Any CPU
	EndGlobalSection
	GlobalSection(SolutionProperties) = preSolution
		HideSolutionNode = FALSE
	EndGlobalSection
	GlobalSection(ExtensibilityGlobals) = postSolution
		SolutionGuid = {45F999C9-1906-40CC-9861-5FA01CEA6F5A}
	EndGlobalSection
EndGlobal
